// !$*UTF8*$!
{
	archiveVersion = 1;
	classes = {
	};
	objectVersion = 50;
	objects = {

/* Begin PBXBuildFile section */
		1A8063012426EAE100AC71D9 /* AppDelegate.swift in Sources */ = {isa = PBXBuildFile; fileRef = 1A8063002426EAE100AC71D9 /* AppDelegate.swift */; };
		1A8063032426EAE100AC71D9 /* SceneDelegate.swift in Sources */ = {isa = PBXBuildFile; fileRef = 1A8063022426EAE100AC71D9 /* SceneDelegate.swift */; };
		1A8063062426EAE100AC71D9 /* Netwerk.xcdatamodeld in Sources */ = {isa = PBXBuildFile; fileRef = 1A8063042426EAE100AC71D9 /* Netwerk.xcdatamodeld */; };
		1A8063082426EAE100AC71D9 /* ContentView.swift in Sources */ = {isa = PBXBuildFile; fileRef = 1A8063072426EAE100AC71D9 /* ContentView.swift */; };
		1A80630A2426EAE300AC71D9 /* Assets.xcassets in Resources */ = {isa = PBXBuildFile; fileRef = 1A8063092426EAE300AC71D9 /* Assets.xcassets */; };
		1A80630D2426EAE300AC71D9 /* Preview Assets.xcassets in Resources */ = {isa = PBXBuildFile; fileRef = 1A80630C2426EAE300AC71D9 /* Preview Assets.xcassets */; };
		1A8063102426EAE300AC71D9 /* LaunchScreen.storyboard in Resources */ = {isa = PBXBuildFile; fileRef = 1A80630E2426EAE300AC71D9 /* LaunchScreen.storyboard */; };
		1A80631B2426EAE400AC71D9 /* NetwerkTests.swift in Sources */ = {isa = PBXBuildFile; fileRef = 1A80631A2426EAE400AC71D9 /* NetwerkTests.swift */; };
		1A80632F2426F70400AC71D9 /* GroupListView.swift in Sources */ = {isa = PBXBuildFile; fileRef = 1A80632E2426F70400AC71D9 /* GroupListView.swift */; };
		1A8063332426F77100AC71D9 /* Model.swift in Sources */ = {isa = PBXBuildFile; fileRef = 1A8063322426F77100AC71D9 /* Model.swift */; };
		1A8063382426FCEB00AC71D9 /* Group.swift in Sources */ = {isa = PBXBuildFile; fileRef = 1A8063342426FCEB00AC71D9 /* Group.swift */; };
		1A80633A2426FCEB00AC71D9 /* Person.swift in Sources */ = {isa = PBXBuildFile; fileRef = 1A8063362426FCEB00AC71D9 /* Person.swift */; };
/* End PBXBuildFile section */

/* Begin PBXContainerItemProxy section */
		1A8063172426EAE400AC71D9 /* PBXContainerItemProxy */ = {
			isa = PBXContainerItemProxy;
			containerPortal = 1A8062F52426EAE100AC71D9 /* Project object */;
			proxyType = 1;
			remoteGlobalIDString = 1A8062FC2426EAE100AC71D9;
			remoteInfo = Netwerk;
		};
/* End PBXContainerItemProxy section */

/* Begin PBXFileReference section */
		1A8062FD2426EAE100AC71D9 /* Netwerk.app */ = {isa = PBXFileReference; explicitFileType = wrapper.application; includeInIndex = 0; path = Netwerk.app; sourceTree = BUILT_PRODUCTS_DIR; };
		1A8063002426EAE100AC71D9 /* AppDelegate.swift */ = {isa = PBXFileReference; lastKnownFileType = sourcecode.swift; path = AppDelegate.swift; sourceTree = "<group>"; };
		1A8063022426EAE100AC71D9 /* SceneDelegate.swift */ = {isa = PBXFileReference; lastKnownFileType = sourcecode.swift; path = SceneDelegate.swift; sourceTree = "<group>"; };
		1A8063052426EAE100AC71D9 /* Netwerk.xcdatamodel */ = {isa = PBXFileReference; lastKnownFileType = wrapper.xcdatamodel; path = Netwerk.xcdatamodel; sourceTree = "<group>"; };
		1A8063072426EAE100AC71D9 /* ContentView.swift */ = {isa = PBXFileReference; lastKnownFileType = sourcecode.swift; path = ContentView.swift; sourceTree = "<group>"; };
		1A8063092426EAE300AC71D9 /* Assets.xcassets */ = {isa = PBXFileReference; lastKnownFileType = folder.assetcatalog; path = Assets.xcassets; sourceTree = "<group>"; };
		1A80630C2426EAE300AC71D9 /* Preview Assets.xcassets */ = {isa = PBXFileReference; lastKnownFileType = folder.assetcatalog; path = "Preview Assets.xcassets"; sourceTree = "<group>"; };
		1A80630F2426EAE300AC71D9 /* Base */ = {isa = PBXFileReference; lastKnownFileType = file.storyboard; name = Base; path = Base.lproj/LaunchScreen.storyboard; sourceTree = "<group>"; };
		1A8063112426EAE300AC71D9 /* Info.plist */ = {isa = PBXFileReference; lastKnownFileType = text.plist.xml; path = Info.plist; sourceTree = "<group>"; };
		1A8063162426EAE400AC71D9 /* NetwerkTests.xctest */ = {isa = PBXFileReference; explicitFileType = wrapper.cfbundle; includeInIndex = 0; path = NetwerkTests.xctest; sourceTree = BUILT_PRODUCTS_DIR; };
		1A80631A2426EAE400AC71D9 /* NetwerkTests.swift */ = {isa = PBXFileReference; lastKnownFileType = sourcecode.swift; path = NetwerkTests.swift; sourceTree = "<group>"; };
		1A80631C2426EAE400AC71D9 /* Info.plist */ = {isa = PBXFileReference; lastKnownFileType = text.plist.xml; path = Info.plist; sourceTree = "<group>"; };
		1A80632E2426F70400AC71D9 /* GroupListView.swift */ = {isa = PBXFileReference; lastKnownFileType = sourcecode.swift; path = GroupListView.swift; sourceTree = "<group>"; };
		1A8063322426F77100AC71D9 /* Model.swift */ = {isa = PBXFileReference; lastKnownFileType = sourcecode.swift; path = Model.swift; sourceTree = "<group>"; };
		1A8063342426FCEB00AC71D9 /* Group.swift */ = {isa = PBXFileReference; lastKnownFileType = sourcecode.swift; path = Group.swift; sourceTree = "<group>"; };
		1A8063362426FCEB00AC71D9 /* Person.swift */ = {isa = PBXFileReference; lastKnownFileType = sourcecode.swift; path = Person.swift; sourceTree = "<group>"; };
/* End PBXFileReference section */

/* Begin PBXFrameworksBuildPhase section */
		1A8062FA2426EAE100AC71D9 /* Frameworks */ = {
			isa = PBXFrameworksBuildPhase;
			buildActionMask = 2147483647;
			files = (
			);
			runOnlyForDeploymentPostprocessing = 0;
		};
		1A8063132426EAE400AC71D9 /* Frameworks */ = {
			isa = PBXFrameworksBuildPhase;
			buildActionMask = 2147483647;
			files = (
			);
			runOnlyForDeploymentPostprocessing = 0;
		};
/* End PBXFrameworksBuildPhase section */

/* Begin PBXGroup section */
		1A8062F42426EAE100AC71D9 = {
			isa = PBXGroup;
			children = (
				1A8062FF2426EAE100AC71D9 /* Netwerk */,
				1A8063192426EAE400AC71D9 /* NetwerkTests */,
				1A8062FE2426EAE100AC71D9 /* Products */,
			);
			sourceTree = "<group>";
		};
		1A8062FE2426EAE100AC71D9 /* Products */ = {
			isa = PBXGroup;
			children = (
				1A8062FD2426EAE100AC71D9 /* Netwerk.app */,
				1A8063162426EAE400AC71D9 /* NetwerkTests.xctest */,
			);
			name = Products;
			sourceTree = "<group>";
		};
		1A8062FF2426EAE100AC71D9 /* Netwerk */ = {
			isa = PBXGroup;
			children = (
				1A8063302426F73F00AC71D9 /* Data */,
				1A80630B2426EAE300AC71D9 /* Preview Content */,
				1A8063252426EC7300AC71D9 /* System */,
				1A80632A2426F5F800AC71D9 /* UI */,
				1A8063092426EAE300AC71D9 /* Assets.xcassets */,
				1A8063112426EAE300AC71D9 /* Info.plist */,
				1A80630E2426EAE300AC71D9 /* LaunchScreen.storyboard */,
				1A8063042426EAE100AC71D9 /* Netwerk.xcdatamodeld */,
			);
			path = Netwerk;
			sourceTree = "<group>";
		};
		1A80630B2426EAE300AC71D9 /* Preview Content */ = {
			isa = PBXGroup;
			children = (
				1A80630C2426EAE300AC71D9 /* Preview Assets.xcassets */,
			);
			path = "Preview Content";
			sourceTree = "<group>";
		};
		1A8063192426EAE400AC71D9 /* NetwerkTests */ = {
			isa = PBXGroup;
			children = (
				1A80631C2426EAE400AC71D9 /* Info.plist */,
				1A80631A2426EAE400AC71D9 /* NetwerkTests.swift */,
			);
			path = NetwerkTests;
			sourceTree = "<group>";
		};
		1A8063252426EC7300AC71D9 /* System */ = {
			isa = PBXGroup;
			children = (
				1A8063002426EAE100AC71D9 /* AppDelegate.swift */,
				1A8063022426EAE100AC71D9 /* SceneDelegate.swift */,
			);
			path = System;
			sourceTree = "<group>";
		};
		1A80632A2426F5F800AC71D9 /* UI */ = {
			isa = PBXGroup;
			children = (
				1A80632B2426F61100AC71D9 /* GroupList */,
				1A8063072426EAE100AC71D9 /* ContentView.swift */,
			);
			path = UI;
			sourceTree = "<group>";
		};
		1A80632B2426F61100AC71D9 /* GroupList */ = {
			isa = PBXGroup;
			children = (
				1A80632E2426F70400AC71D9 /* GroupListView.swift */,
			);
			path = GroupList;
			sourceTree = "<group>";
		};
		1A8063302426F73F00AC71D9 /* Data */ = {
			isa = PBXGroup;
			children = (
				1A8063312426F74800AC71D9 /* Model */,
			);
			path = Data;
			sourceTree = "<group>";
		};
		1A8063312426F74800AC71D9 /* Model */ = {
			isa = PBXGroup;
			children = (
				1A8063342426FCEB00AC71D9 /* Group.swift */,
				1A8063362426FCEB00AC71D9 /* Person.swift */,
				1A8063322426F77100AC71D9 /* Model.swift */,
			);
			path = Model;
			sourceTree = "<group>";
		};
/* End PBXGroup section */

/* Begin PBXNativeTarget section */
		1A8062FC2426EAE100AC71D9 /* Netwerk */ = {
			isa = PBXNativeTarget;
			buildConfigurationList = 1A80631F2426EAE400AC71D9 /* Build configuration list for PBXNativeTarget "Netwerk" */;
			buildPhases = (
				1A8062F92426EAE100AC71D9 /* Sources */,
				1A8062FA2426EAE100AC71D9 /* Frameworks */,
				1A8062FB2426EAE100AC71D9 /* Resources */,
			);
			buildRules = (
			);
			dependencies = (
			);
			name = Netwerk;
			productName = Netwerk;
			productReference = 1A8062FD2426EAE100AC71D9 /* Netwerk.app */;
			productType = "com.apple.product-type.application";
		};
		1A8063152426EAE400AC71D9 /* NetwerkTests */ = {
			isa = PBXNativeTarget;
			buildConfigurationList = 1A8063222426EAE400AC71D9 /* Build configuration list for PBXNativeTarget "NetwerkTests" */;
			buildPhases = (
				1A8063122426EAE400AC71D9 /* Sources */,
				1A8063132426EAE400AC71D9 /* Frameworks */,
				1A8063142426EAE400AC71D9 /* Resources */,
			);
			buildRules = (
			);
			dependencies = (
				1A8063182426EAE400AC71D9 /* PBXTargetDependency */,
			);
			name = NetwerkTests;
			productName = NetwerkTests;
			productReference = 1A8063162426EAE400AC71D9 /* NetwerkTests.xctest */;
			productType = "com.apple.product-type.bundle.unit-test";
		};
/* End PBXNativeTarget section */

/* Begin PBXProject section */
		1A8062F52426EAE100AC71D9 /* Project object */ = {
			isa = PBXProject;
			attributes = {
				LastSwiftUpdateCheck = 1140;
				LastUpgradeCheck = 1140;
				ORGANIZATIONNAME = "James Macindoe";
				TargetAttributes = {
					1A8062FC2426EAE100AC71D9 = {
						CreatedOnToolsVersion = 11.4;
					};
					1A8063152426EAE400AC71D9 = {
						CreatedOnToolsVersion = 11.4;
						TestTargetID = 1A8062FC2426EAE100AC71D9;
					};
				};
			};
			buildConfigurationList = 1A8062F82426EAE100AC71D9 /* Build configuration list for PBXProject "Netwerk" */;
			compatibilityVersion = "Xcode 9.3";
			developmentRegion = en;
			hasScannedForEncodings = 0;
			knownRegions = (
				en,
				Base,
			);
			mainGroup = 1A8062F42426EAE100AC71D9;
			productRefGroup = 1A8062FE2426EAE100AC71D9 /* Products */;
			projectDirPath = "";
			projectRoot = "";
			targets = (
				1A8062FC2426EAE100AC71D9 /* Netwerk */,
				1A8063152426EAE400AC71D9 /* NetwerkTests */,
			);
		};
/* End PBXProject section */

/* Begin PBXResourcesBuildPhase section */
		1A8062FB2426EAE100AC71D9 /* Resources */ = {
			isa = PBXResourcesBuildPhase;
			buildActionMask = 2147483647;
			files = (
				1A80630A2426EAE300AC71D9 /* Assets.xcassets in Resources */,
				1A8063102426EAE300AC71D9 /* LaunchScreen.storyboard in Resources */,
				1A80630D2426EAE300AC71D9 /* Preview Assets.xcassets in Resources */,
			);
			runOnlyForDeploymentPostprocessing = 0;
		};
		1A8063142426EAE400AC71D9 /* Resources */ = {
			isa = PBXResourcesBuildPhase;
			buildActionMask = 2147483647;
			files = (
			);
			runOnlyForDeploymentPostprocessing = 0;
		};
/* End PBXResourcesBuildPhase section */

/* Begin PBXSourcesBuildPhase section */
		1A8062F92426EAE100AC71D9 /* Sources */ = {
			isa = PBXSourcesBuildPhase;
			buildActionMask = 2147483647;
			files = (
				1A8063012426EAE100AC71D9 /* AppDelegate.swift in Sources */,
				1A8063082426EAE100AC71D9 /* ContentView.swift in Sources */,
				1A80632F2426F70400AC71D9 /* GroupListView.swift in Sources */,
				1A8063382426FCEB00AC71D9 /* Group.swift in Sources */,
				1A80633A2426FCEB00AC71D9 /* Person.swift in Sources */,
				1A8063332426F77100AC71D9 /* Model.swift in Sources */,
				1A8063062426EAE100AC71D9 /* Netwerk.xcdatamodeld in Sources */,
				1A8063032426EAE100AC71D9 /* SceneDelegate.swift in Sources */,
			);
			runOnlyForDeploymentPostprocessing = 0;
		};
		1A8063122426EAE400AC71D9 /* Sources */ = {
			isa = PBXSourcesBuildPhase;
			buildActionMask = 2147483647;
			files = (
				1A80631B2426EAE400AC71D9 /* NetwerkTests.swift in Sources */,
			);
			runOnlyForDeploymentPostprocessing = 0;
		};
/* End PBXSourcesBuildPhase section */

/* Begin PBXTargetDependency section */
		1A8063182426EAE400AC71D9 /* PBXTargetDependency */ = {
			isa = PBXTargetDependency;
			target = 1A8062FC2426EAE100AC71D9 /* Netwerk */;
			targetProxy = 1A8063172426EAE400AC71D9 /* PBXContainerItemProxy */;
		};
/* End PBXTargetDependency section */

/* Begin PBXVariantGroup section */
		1A80630E2426EAE300AC71D9 /* LaunchScreen.storyboard */ = {
			isa = PBXVariantGroup;
			children = (
				1A80630F2426EAE300AC71D9 /* Base */,
			);
			name = LaunchScreen.storyboard;
			sourceTree = "<group>";
		};
/* End PBXVariantGroup section */

/* Begin XCBuildConfiguration section */
		1A80631D2426EAE400AC71D9 /* Debug */ = {
			isa = XCBuildConfiguration;
			buildSettings = {
				ALWAYS_SEARCH_USER_PATHS = NO;
				CLANG_ANALYZER_NONNULL = YES;
				CLANG_ANALYZER_NUMBER_OBJECT_CONVERSION = YES_AGGRESSIVE;
				CLANG_CXX_LANGUAGE_STANDARD = "gnu++14";
				CLANG_CXX_LIBRARY = "libc++";
				CLANG_ENABLE_MODULES = YES;
				CLANG_ENABLE_OBJC_ARC = YES;
				CLANG_ENABLE_OBJC_WEAK = YES;
				CLANG_WARN_BLOCK_CAPTURE_AUTORELEASING = YES;
				CLANG_WARN_BOOL_CONVERSION = YES;
				CLANG_WARN_COMMA = YES;
				CLANG_WARN_CONSTANT_CONVERSION = YES;
				CLANG_WARN_DEPRECATED_OBJC_IMPLEMENTATIONS = YES;
				CLANG_WARN_DIRECT_OBJC_ISA_USAGE = YES_ERROR;
				CLANG_WARN_DOCUMENTATION_COMMENTS = YES;
				CLANG_WARN_EMPTY_BODY = YES;
				CLANG_WARN_ENUM_CONVERSION = YES;
				CLANG_WARN_INFINITE_RECURSION = YES;
				CLANG_WARN_INT_CONVERSION = YES;
				CLANG_WARN_NON_LITERAL_NULL_CONVERSION = YES;
				CLANG_WARN_OBJC_IMPLICIT_RETAIN_SELF = YES;
				CLANG_WARN_OBJC_LITERAL_CONVERSION = YES;
				CLANG_WARN_OBJC_ROOT_CLASS = YES_ERROR;
				CLANG_WARN_RANGE_LOOP_ANALYSIS = YES;
				CLANG_WARN_STRICT_PROTOTYPES = YES;
				CLANG_WARN_SUSPICIOUS_MOVE = YES;
				CLANG_WARN_UNGUARDED_AVAILABILITY = YES_AGGRESSIVE;
				CLANG_WARN_UNREACHABLE_CODE = YES;
				CLANG_WARN__DUPLICATE_METHOD_MATCH = YES;
				COPY_PHASE_STRIP = NO;
				DEBUG_INFORMATION_FORMAT = dwarf;
				ENABLE_STRICT_OBJC_MSGSEND = YES;
				ENABLE_TESTABILITY = YES;
				GCC_C_LANGUAGE_STANDARD = gnu11;
				GCC_DYNAMIC_NO_PIC = NO;
				GCC_NO_COMMON_BLOCKS = YES;
				GCC_OPTIMIZATION_LEVEL = 0;
				GCC_PREPROCESSOR_DEFINITIONS = (
					"DEBUG=1",
					"$(inherited)",
				);
				GCC_WARN_64_TO_32_BIT_CONVERSION = YES;
				GCC_WARN_ABOUT_RETURN_TYPE = YES_ERROR;
				GCC_WARN_UNDECLARED_SELECTOR = YES;
				GCC_WARN_UNINITIALIZED_AUTOS = YES_AGGRESSIVE;
				GCC_WARN_UNUSED_FUNCTION = YES;
				GCC_WARN_UNUSED_VARIABLE = YES;
				IPHONEOS_DEPLOYMENT_TARGET = 13.4;
				MTL_ENABLE_DEBUG_INFO = INCLUDE_SOURCE;
				MTL_FAST_MATH = YES;
				ONLY_ACTIVE_ARCH = YES;
				SDKROOT = iphoneos;
				SWIFT_ACTIVE_COMPILATION_CONDITIONS = DEBUG;
				SWIFT_OPTIMIZATION_LEVEL = "-Onone";
			};
			name = Debug;
		};
		1A80631E2426EAE400AC71D9 /* Release */ = {
			isa = XCBuildConfiguration;
			buildSettings = {
				ALWAYS_SEARCH_USER_PATHS = NO;
				CLANG_ANALYZER_NONNULL = YES;
				CLANG_ANALYZER_NUMBER_OBJECT_CONVERSION = YES_AGGRESSIVE;
				CLANG_CXX_LANGUAGE_STANDARD = "gnu++14";
				CLANG_CXX_LIBRARY = "libc++";
				CLANG_ENABLE_MODULES = YES;
				CLANG_ENABLE_OBJC_ARC = YES;
				CLANG_ENABLE_OBJC_WEAK = YES;
				CLANG_WARN_BLOCK_CAPTURE_AUTORELEASING = YES;
				CLANG_WARN_BOOL_CONVERSION = YES;
				CLANG_WARN_COMMA = YES;
				CLANG_WARN_CONSTANT_CONVERSION = YES;
				CLANG_WARN_DEPRECATED_OBJC_IMPLEMENTATIONS = YES;
				CLANG_WARN_DIRECT_OBJC_ISA_USAGE = YES_ERROR;
				CLANG_WARN_DOCUMENTATION_COMMENTS = YES;
				CLANG_WARN_EMPTY_BODY = YES;
				CLANG_WARN_ENUM_CONVERSION = YES;
				CLANG_WARN_INFINITE_RECURSION = YES;
				CLANG_WARN_INT_CONVERSION = YES;
				CLANG_WARN_NON_LITERAL_NULL_CONVERSION = YES;
				CLANG_WARN_OBJC_IMPLICIT_RETAIN_SELF = YES;
				CLANG_WARN_OBJC_LITERAL_CONVERSION = YES;
				CLANG_WARN_OBJC_ROOT_CLASS = YES_ERROR;
				CLANG_WARN_RANGE_LOOP_ANALYSIS = YES;
				CLANG_WARN_STRICT_PROTOTYPES = YES;
				CLANG_WARN_SUSPICIOUS_MOVE = YES;
				CLANG_WARN_UNGUARDED_AVAILABILITY = YES_AGGRESSIVE;
				CLANG_WARN_UNREACHABLE_CODE = YES;
				CLANG_WARN__DUPLICATE_METHOD_MATCH = YES;
				COPY_PHASE_STRIP = NO;
				DEBUG_INFORMATION_FORMAT = "dwarf-with-dsym";
				ENABLE_NS_ASSERTIONS = NO;
				ENABLE_STRICT_OBJC_MSGSEND = YES;
				GCC_C_LANGUAGE_STANDARD = gnu11;
				GCC_NO_COMMON_BLOCKS = YES;
				GCC_WARN_64_TO_32_BIT_CONVERSION = YES;
				GCC_WARN_ABOUT_RETURN_TYPE = YES_ERROR;
				GCC_WARN_UNDECLARED_SELECTOR = YES;
				GCC_WARN_UNINITIALIZED_AUTOS = YES_AGGRESSIVE;
				GCC_WARN_UNUSED_FUNCTION = YES;
				GCC_WARN_UNUSED_VARIABLE = YES;
				IPHONEOS_DEPLOYMENT_TARGET = 13.4;
				MTL_ENABLE_DEBUG_INFO = NO;
				MTL_FAST_MATH = YES;
				SDKROOT = iphoneos;
				SWIFT_COMPILATION_MODE = wholemodule;
				SWIFT_OPTIMIZATION_LEVEL = "-O";
				VALIDATE_PRODUCT = YES;
			};
			name = Release;
		};
		1A8063202426EAE400AC71D9 /* Debug */ = {
			isa = XCBuildConfiguration;
			buildSettings = {
				ASSETCATALOG_COMPILER_APPICON_NAME = AppIcon;
				CODE_SIGN_STYLE = Automatic;
				DEVELOPMENT_ASSET_PATHS = "\"Netwerk/Preview Content\"";
				DEVELOPMENT_TEAM = 53MCYT9T37;
				ENABLE_PREVIEWS = YES;
				INFOPLIST_FILE = Netwerk/Info.plist;
				LD_RUNPATH_SEARCH_PATHS = (
					"$(inherited)",
					"@executable_path/Frameworks",
				);
				PRODUCT_BUNDLE_IDENTIFIER = dev.macindoe.netwerk;
				PRODUCT_NAME = "$(TARGET_NAME)";
				SWIFT_VERSION = 5.0;
				TARGETED_DEVICE_FAMILY = "1,2";
			};
			name = Debug;
		};
		1A8063212426EAE400AC71D9 /* Release */ = {
			isa = XCBuildConfiguration;
			buildSettings = {
				ASSETCATALOG_COMPILER_APPICON_NAME = AppIcon;
				CODE_SIGN_STYLE = Automatic;
				DEVELOPMENT_ASSET_PATHS = "\"Netwerk/Preview Content\"";
				DEVELOPMENT_TEAM = 53MCYT9T37;
				ENABLE_PREVIEWS = YES;
				INFOPLIST_FILE = Netwerk/Info.plist;
				LD_RUNPATH_SEARCH_PATHS = (
					"$(inherited)",
					"@executable_path/Frameworks",
				);
				PRODUCT_BUNDLE_IDENTIFIER = dev.macindoe.netwerk;
				PRODUCT_NAME = "$(TARGET_NAME)";
				SWIFT_VERSION = 5.0;
				TARGETED_DEVICE_FAMILY = "1,2";
			};
			name = Release;
		};
		1A8063232426EAE400AC71D9 /* Debug */ = {
			isa = XCBuildConfiguration;
			buildSettings = {
				ALWAYS_EMBED_SWIFT_STANDARD_LIBRARIES = YES;
				BUNDLE_LOADER = "$(TEST_HOST)";
				CODE_SIGN_STYLE = Automatic;
				DEVELOPMENT_TEAM = 53MCYT9T37;
				INFOPLIST_FILE = NetwerkTests/Info.plist;
				IPHONEOS_DEPLOYMENT_TARGET = 13.4;
				LD_RUNPATH_SEARCH_PATHS = (
					"$(inherited)",
					"@executable_path/Frameworks",
					"@loader_path/Frameworks",
				);
				PRODUCT_BUNDLE_IDENTIFIER = dev.macindoe.NetwerkTests;
				PRODUCT_NAME = "$(TARGET_NAME)";
				SWIFT_VERSION = 5.0;
				TARGETED_DEVICE_FAMILY = "1,2";
				TEST_HOST = "$(BUILT_PRODUCTS_DIR)/Netwerk.app/Netwerk";
			};
			name = Debug;
		};
		1A8063242426EAE400AC71D9 /* Release */ = {
			isa = XCBuildConfiguration;
			buildSettings = {
				ALWAYS_EMBED_SWIFT_STANDARD_LIBRARIES = YES;
				BUNDLE_LOADER = "$(TEST_HOST)";
				CODE_SIGN_STYLE = Automatic;
				DEVELOPMENT_TEAM = 53MCYT9T37;
				INFOPLIST_FILE = NetwerkTests/Info.plist;
				IPHONEOS_DEPLOYMENT_TARGET = 13.4;
				LD_RUNPATH_SEARCH_PATHS = (
					"$(inherited)",
					"@executable_path/Frameworks",
					"@loader_path/Frameworks",
				);
				PRODUCT_BUNDLE_IDENTIFIER = dev.macindoe.NetwerkTests;
				PRODUCT_NAME = "$(TARGET_NAME)";
				SWIFT_VERSION = 5.0;
				TARGETED_DEVICE_FAMILY = "1,2";
				TEST_HOST = "$(BUILT_PRODUCTS_DIR)/Netwerk.app/Netwerk";
			};
			name = Release;
		};
/* End XCBuildConfiguration section */

/* Begin XCConfigurationList section */
		1A8062F82426EAE100AC71D9 /* Build configuration list for PBXProject "Netwerk" */ = {
			isa = XCConfigurationList;
			buildConfigurations = (
				1A80631D2426EAE400AC71D9 /* Debug */,
				1A80631E2426EAE400AC71D9 /* Release */,
			);
			defaultConfigurationIsVisible = 0;
			defaultConfigurationName = Release;
		};
		1A80631F2426EAE400AC71D9 /* Build configuration list for PBXNativeTarget "Netwerk" */ = {
			isa = XCConfigurationList;
			buildConfigurations = (
				1A8063202426EAE400AC71D9 /* Debug */,
				1A8063212426EAE400AC71D9 /* Release */,
			);
			defaultConfigurationIsVisible = 0;
			defaultConfigurationName = Release;
		};
		1A8063222426EAE400AC71D9 /* Build configuration list for PBXNativeTarget "NetwerkTests" */ = {
			isa = XCConfigurationList;
			buildConfigurations = (
				1A8063232426EAE400AC71D9 /* Debug */,
				1A8063242426EAE400AC71D9 /* Release */,
			);
			defaultConfigurationIsVisible = 0;
			defaultConfigurationName = Release;
		};
/* End XCConfigurationList section */

/* Begin XCVersionGroup section */
		1A8063042426EAE100AC71D9 /* Netwerk.xcdatamodeld */ = {
			isa = XCVersionGroup;
			children = (
				1A8063052426EAE100AC71D9 /* Netwerk.xcdatamodel */,
			);
			currentVersion = 1A8063052426EAE100AC71D9 /* Netwerk.xcdatamodel */;
			path = Netwerk.xcdatamodeld;
			sourceTree = "<group>";
			versionGroupType = wrapper.xcdatamodel;
		};
/* End XCVersionGroup section */
	};
	rootObject = 1A8062F52426EAE100AC71D9 /* Project object */;
}
